// !$*UTF8*$!
{
	archiveVersion = 1;
	classes = {
	};
	objectVersion = 48;
	objects = {

/* Begin PBXBuildFile section */
		5F66D4B8206D745C0057219A /* CloudKit.framework in Frameworks */ = {isa = PBXBuildFile; fileRef = 5F66D4B7206D745C0057219A /* CloudKit.framework */; };
		5FBA58FB206E39D4006546CC /* notificationController.swift in Sources */ = {isa = PBXBuildFile; fileRef = 5FBA58FA206E39D4006546CC /* notificationController.swift */; };
		5FE3DA98206CF2DF006ED476 /* AppDelegate.swift in Sources */ = {isa = PBXBuildFile; fileRef = 5FE3DA97206CF2DF006ED476 /* AppDelegate.swift */; };
		5FE3DA9A206CF2DF006ED476 /* ViewController.swift in Sources */ = {isa = PBXBuildFile; fileRef = 5FE3DA99206CF2DF006ED476 /* ViewController.swift */; };
		5FE3DA9D206CF2DF006ED476 /* Main.storyboard in Resources */ = {isa = PBXBuildFile; fileRef = 5FE3DA9B206CF2DF006ED476 /* Main.storyboard */; };
		5FE3DAA0206CF2DF006ED476 /* coreDataCacao1987.xcdatamodeld in Sources */ = {isa = PBXBuildFile; fileRef = 5FE3DA9E206CF2DF006ED476 /* coreDataCacao1987.xcdatamodeld */; };
		5FE3DAA2206CF2DF006ED476 /* Assets.xcassets in Resources */ = {isa = PBXBuildFile; fileRef = 5FE3DAA1206CF2DF006ED476 /* Assets.xcassets */; };
		5FE3DAA5206CF2DF006ED476 /* LaunchScreen.storyboard in Resources */ = {isa = PBXBuildFile; fileRef = 5FE3DAA3206CF2DF006ED476 /* LaunchScreen.storyboard */; };
		5FE3DAAD206CF506006ED476 /* persistenceService.swift in Sources */ = {isa = PBXBuildFile; fileRef = 5FE3DAAC206CF506006ED476 /* persistenceService.swift */; };
		5FE3DAB0206D02C8006ED476 /* Person+CoreDataClass.swift in Sources */ = {isa = PBXBuildFile; fileRef = 5FE3DAAE206D02C8006ED476 /* Person+CoreDataClass.swift */; };
		5FE3DAB1206D02C8006ED476 /* Person+CoreDataProperties.swift in Sources */ = {isa = PBXBuildFile; fileRef = 5FE3DAAF206D02C8006ED476 /* Person+CoreDataProperties.swift */; };
		D771CCC1607C62D9651640F8 /* Pods_coreDataCacao1987.framework in Frameworks */ = {isa = PBXBuildFile; fileRef = DCB313948A85EB7B89126929 /* Pods_coreDataCacao1987.framework */; };
/* End PBXBuildFile section */

/* Begin PBXFileReference section */
		5F66D4B6206D73F10057219A /* coreDataCacao1987.entitlements */ = {isa = PBXFileReference; lastKnownFileType = text.plist.entitlements; path = coreDataCacao1987.entitlements; sourceTree = "<group>"; };
		5F66D4B7206D745C0057219A /* CloudKit.framework */ = {isa = PBXFileReference; lastKnownFileType = wrapper.framework; name = CloudKit.framework; path = System/Library/Frameworks/CloudKit.framework; sourceTree = SDKROOT; };
		5FBA58FA206E39D4006546CC /* notificationController.swift */ = {isa = PBXFileReference; lastKnownFileType = sourcecode.swift; path = notificationController.swift; sourceTree = "<group>"; };
		5FE3DA94206CF2DF006ED476 /* coreDataCacao1987.app */ = {isa = PBXFileReference; explicitFileType = wrapper.application; includeInIndex = 0; path = coreDataCacao1987.app; sourceTree = BUILT_PRODUCTS_DIR; };
		5FE3DA97206CF2DF006ED476 /* AppDelegate.swift */ = {isa = PBXFileReference; lastKnownFileType = sourcecode.swift; path = AppDelegate.swift; sourceTree = "<group>"; };
		5FE3DA99206CF2DF006ED476 /* ViewController.swift */ = {isa = PBXFileReference; lastKnownFileType = sourcecode.swift; path = ViewController.swift; sourceTree = "<group>"; };
		5FE3DA9C206CF2DF006ED476 /* Base */ = {isa = PBXFileReference; lastKnownFileType = file.storyboard; name = Base; path = Base.lproj/Main.storyboard; sourceTree = "<group>"; };
		5FE3DA9F206CF2DF006ED476 /* coreDataCacao1987.xcdatamodel */ = {isa = PBXFileReference; lastKnownFileType = wrapper.xcdatamodel; path = coreDataCacao1987.xcdatamodel; sourceTree = "<group>"; };
		5FE3DAA1206CF2DF006ED476 /* Assets.xcassets */ = {isa = PBXFileReference; lastKnownFileType = folder.assetcatalog; path = Assets.xcassets; sourceTree = "<group>"; };
		5FE3DAA4206CF2DF006ED476 /* Base */ = {isa = PBXFileReference; lastKnownFileType = file.storyboard; name = Base; path = Base.lproj/LaunchScreen.storyboard; sourceTree = "<group>"; };
		5FE3DAA6206CF2DF006ED476 /* Info.plist */ = {isa = PBXFileReference; lastKnownFileType = text.plist.xml; path = Info.plist; sourceTree = "<group>"; };
		5FE3DAAC206CF506006ED476 /* persistenceService.swift */ = {isa = PBXFileReference; lastKnownFileType = sourcecode.swift; path = persistenceService.swift; sourceTree = "<group>"; };
		5FE3DAAE206D02C8006ED476 /* Person+CoreDataClass.swift */ = {isa = PBXFileReference; lastKnownFileType = sourcecode.swift; path = "Person+CoreDataClass.swift"; sourceTree = "<group>"; };
		5FE3DAAF206D02C8006ED476 /* Person+CoreDataProperties.swift */ = {isa = PBXFileReference; lastKnownFileType = sourcecode.swift; path = "Person+CoreDataProperties.swift"; sourceTree = "<group>"; };
		7AD1D505F3C47D5DBD0BC9D8 /* Pods-coreDataCacao1987.debug.xcconfig */ = {isa = PBXFileReference; includeInIndex = 1; lastKnownFileType = text.xcconfig; name = "Pods-coreDataCacao1987.debug.xcconfig"; path = "Pods/Target Support Files/Pods-coreDataCacao1987/Pods-coreDataCacao1987.debug.xcconfig"; sourceTree = "<group>"; };
		DCB313948A85EB7B89126929 /* Pods_coreDataCacao1987.framework */ = {isa = PBXFileReference; explicitFileType = wrapper.framework; includeInIndex = 0; path = Pods_coreDataCacao1987.framework; sourceTree = BUILT_PRODUCTS_DIR; };
		E8F36E5E4AF1D2000BB70409 /* Pods-coreDataCacao1987.release.xcconfig */ = {isa = PBXFileReference; includeInIndex = 1; lastKnownFileType = text.xcconfig; name = "Pods-coreDataCacao1987.release.xcconfig"; path = "Pods/Target Support Files/Pods-coreDataCacao1987/Pods-coreDataCacao1987.release.xcconfig"; sourceTree = "<group>"; };
/* End PBXFileReference section */

/* Begin PBXFrameworksBuildPhase section */
		5FE3DA91206CF2DF006ED476 /* Frameworks */ = {
			isa = PBXFrameworksBuildPhase;
			buildActionMask = 2147483647;
			files = (
				D771CCC1607C62D9651640F8 /* Pods_coreDataCacao1987.framework in Frameworks */,
				5F66D4B8206D745C0057219A /* CloudKit.framework in Frameworks */,
			);
			runOnlyForDeploymentPostprocessing = 0;
		};
/* End PBXFrameworksBuildPhase section */

/* Begin PBXGroup section */
		5FE3DA8B206CF2DF006ED476 = {
			isa = PBXGroup;
			children = (
				5FE3DA96206CF2DF006ED476 /* coreDataCacao1987 */,
				5FE3DA95206CF2DF006ED476 /* Products */,
				9AE5624E7DAFF48904021B83 /* Pods */,
				C96FDCE2744F6FFC995BB4EE /* Frameworks */,
			);
			sourceTree = "<group>";
		};
		5FE3DA95206CF2DF006ED476 /* Products */ = {
			isa = PBXGroup;
			children = (
				5FE3DA94206CF2DF006ED476 /* coreDataCacao1987.app */,
			);
			name = Products;
			sourceTree = "<group>";
		};
		5FE3DA96206CF2DF006ED476 /* coreDataCacao1987 */ = {
			isa = PBXGroup;
			children = (
				5F66D4B6206D73F10057219A /* coreDataCacao1987.entitlements */,
				5FE3DAAE206D02C8006ED476 /* Person+CoreDataClass.swift */,
				5FE3DAAF206D02C8006ED476 /* Person+CoreDataProperties.swift */,
				5FE3DA97206CF2DF006ED476 /* AppDelegate.swift */,
				5FE3DA99206CF2DF006ED476 /* ViewController.swift */,
				5FE3DAAC206CF506006ED476 /* persistenceService.swift */,
				5FE3DA9B206CF2DF006ED476 /* Main.storyboard */,
				5FE3DAA1206CF2DF006ED476 /* Assets.xcassets */,
				5FE3DAA3206CF2DF006ED476 /* LaunchScreen.storyboard */,
				5FE3DAA6206CF2DF006ED476 /* Info.plist */,
				5FE3DA9E206CF2DF006ED476 /* coreDataCacao1987.xcdatamodeld */,
				5FBA58FA206E39D4006546CC /* notificationController.swift */,
			);
			path = coreDataCacao1987;
			sourceTree = "<group>";
		};
		9AE5624E7DAFF48904021B83 /* Pods */ = {
			isa = PBXGroup;
			children = (
				7AD1D505F3C47D5DBD0BC9D8 /* Pods-coreDataCacao1987.debug.xcconfig */,
				E8F36E5E4AF1D2000BB70409 /* Pods-coreDataCacao1987.release.xcconfig */,
			);
			name = Pods;
			sourceTree = "<group>";
		};
		C96FDCE2744F6FFC995BB4EE /* Frameworks */ = {
			isa = PBXGroup;
			children = (
				5F66D4B7206D745C0057219A /* CloudKit.framework */,
				DCB313948A85EB7B89126929 /* Pods_coreDataCacao1987.framework */,
			);
			name = Frameworks;
			sourceTree = "<group>";
		};
/* End PBXGroup section */

/* Begin PBXNativeTarget section */
		5FE3DA93206CF2DF006ED476 /* coreDataCacao1987 */ = {
			isa = PBXNativeTarget;
			buildConfigurationList = 5FE3DAA9206CF2DF006ED476 /* Build configuration list for PBXNativeTarget "coreDataCacao1987" */;
			buildPhases = (
				9A9B6FCDA0ADB7B2E9DBCD0D /* [CP] Check Pods Manifest.lock */,
				5FE3DA90206CF2DF006ED476 /* Sources */,
				5FE3DA91206CF2DF006ED476 /* Frameworks */,
				5FE3DA92206CF2DF006ED476 /* Resources */,
				0F5D528FA6E2FCE26DDEE5AE /* [CP] Embed Pods Frameworks */,
				EA2BA7697C9C6DF72BE7CF15 /* [CP] Copy Pods Resources */,
			);
			buildRules = (
			);
			dependencies = (
			);
			name = coreDataCacao1987;
			productName = coreDataCacao1987;
			productReference = 5FE3DA94206CF2DF006ED476 /* coreDataCacao1987.app */;
			productType = "com.apple.product-type.application";
		};
/* End PBXNativeTarget section */

/* Begin PBXProject section */
		5FE3DA8C206CF2DF006ED476 /* Project object */ = {
			isa = PBXProject;
			attributes = {
				LastSwiftUpdateCheck = 0920;
				LastUpgradeCheck = 0920;
				ORGANIZATIONNAME = "Rudi Krämer";
				TargetAttributes = {
					5FE3DA93206CF2DF006ED476 = {
						CreatedOnToolsVersion = 9.2;
						ProvisioningStyle = Automatic;
						SystemCapabilities = {
							com.apple.BackgroundModes = {
								enabled = 1;
							};
							com.apple.Push = {
								enabled = 1;
							};
							com.apple.iCloud = {
								enabled = 1;
							};
						};
					};
				};
			};
			buildConfigurationList = 5FE3DA8F206CF2DF006ED476 /* Build configuration list for PBXProject "coreDataCacao1987" */;
			compatibilityVersion = "Xcode 8.0";
			developmentRegion = en;
			hasScannedForEncodings = 0;
			knownRegions = (
				en,
				Base,
			);
			mainGroup = 5FE3DA8B206CF2DF006ED476;
			productRefGroup = 5FE3DA95206CF2DF006ED476 /* Products */;
			projectDirPath = "";
			projectRoot = "";
			targets = (
				5FE3DA93206CF2DF006ED476 /* coreDataCacao1987 */,
			);
		};
/* End PBXProject section */

/* Begin PBXResourcesBuildPhase section */
		5FE3DA92206CF2DF006ED476 /* Resources */ = {
			isa = PBXResourcesBuildPhase;
			buildActionMask = 2147483647;
			files = (
				5FE3DAA5206CF2DF006ED476 /* LaunchScreen.storyboard in Resources */,
				5FE3DAA2206CF2DF006ED476 /* Assets.xcassets in Resources */,
				5FE3DA9D206CF2DF006ED476 /* Main.storyboard in Resources */,
			);
			runOnlyForDeploymentPostprocessing = 0;
		};
/* End PBXResourcesBuildPhase section */

/* Begin PBXShellScriptBuildPhase section */
		0F5D528FA6E2FCE26DDEE5AE /* [CP] Embed Pods Frameworks */ = {
			isa = PBXShellScriptBuildPhase;
			buildActionMask = 2147483647;
			files = (
			);
			inputPaths = (
				"${SRCROOT}/Pods/Target Support Files/Pods-coreDataCacao1987/Pods-coreDataCacao1987-frameworks.sh",
				"${BUILT_PRODUCTS_DIR}/CloudCore/CloudCore.framework",
			);
			name = "[CP] Embed Pods Frameworks";
			outputPaths = (
				"${TARGET_BUILD_DIR}/${FRAMEWORKS_FOLDER_PATH}/CloudCore.framework",
			);
			runOnlyForDeploymentPostprocessing = 0;
			shellPath = /bin/sh;
			shellScript = "\"${SRCROOT}/Pods/Target Support Files/Pods-coreDataCacao1987/Pods-coreDataCacao1987-frameworks.sh\"\n";
			showEnvVarsInLog = 0;
		};
		9A9B6FCDA0ADB7B2E9DBCD0D /* [CP] Check Pods Manifest.lock */ = {
			isa = PBXShellScriptBuildPhase;
			buildActionMask = 2147483647;
			files = (
			);
			inputPaths = (
				"${PODS_PODFILE_DIR_PATH}/Podfile.lock",
				"${PODS_ROOT}/Manifest.lock",
			);
			name = "[CP] Check Pods Manifest.lock";
			outputPaths = (
				"$(DERIVED_FILE_DIR)/Pods-coreDataCacao1987-checkManifestLockResult.txt",
			);
			runOnlyForDeploymentPostprocessing = 0;
			shellPath = /bin/sh;
			shellScript = "diff \"${PODS_PODFILE_DIR_PATH}/Podfile.lock\" \"${PODS_ROOT}/Manifest.lock\" > /dev/null\nif [ $? != 0 ] ; then\n    # print error to STDERR\n    echo \"error: The sandbox is not in sync with the Podfile.lock. Run 'pod install' or update your CocoaPods installation.\" >&2\n    exit 1\nfi\n# This output is used by Xcode 'outputs' to avoid re-running this script phase.\necho \"SUCCESS\" > \"${SCRIPT_OUTPUT_FILE_0}\"\n";
			showEnvVarsInLog = 0;
		};
		EA2BA7697C9C6DF72BE7CF15 /* [CP] Copy Pods Resources */ = {
			isa = PBXShellScriptBuildPhase;
			buildActionMask = 2147483647;
			files = (
			);
			inputPaths = (
			);
			name = "[CP] Copy Pods Resources";
			outputPaths = (
			);
			runOnlyForDeploymentPostprocessing = 0;
			shellPath = /bin/sh;
			shellScript = "\"${SRCROOT}/Pods/Target Support Files/Pods-coreDataCacao1987/Pods-coreDataCacao1987-resources.sh\"\n";
			showEnvVarsInLog = 0;
		};
/* End PBXShellScriptBuildPhase section */

/* Begin PBXSourcesBuildPhase section */
		5FE3DA90206CF2DF006ED476 /* Sources */ = {
			isa = PBXSourcesBuildPhase;
			buildActionMask = 2147483647;
			files = (
				5FE3DAA0206CF2DF006ED476 /* coreDataCacao1987.xcdatamodeld in Sources */,
				5FE3DAAD206CF506006ED476 /* persistenceService.swift in Sources */,
				5FBA58FB206E39D4006546CC /* notificationController.swift in Sources */,
				5FE3DAB1206D02C8006ED476 /* Person+CoreDataProperties.swift in Sources */,
				5FE3DAB0206D02C8006ED476 /* Person+CoreDataClass.swift in Sources */,
				5FE3DA9A206CF2DF006ED476 /* ViewController.swift in Sources */,
				5FE3DA98206CF2DF006ED476 /* AppDelegate.swift in Sources */,
			);
			runOnlyForDeploymentPostprocessing = 0;
		};
/* End PBXSourcesBuildPhase section */

/* Begin PBXVariantGroup section */
		5FE3DA9B206CF2DF006ED476 /* Main.storyboard */ = {
			isa = PBXVariantGroup;
			children = (
				5FE3DA9C206CF2DF006ED476 /* Base */,
			);
			name = Main.storyboard;
			sourceTree = "<group>";
		};
		5FE3DAA3206CF2DF006ED476 /* LaunchScreen.storyboard */ = {
			isa = PBXVariantGroup;
			children = (
				5FE3DAA4206CF2DF006ED476 /* Base */,
			);
			name = LaunchScreen.storyboard;
			sourceTree = "<group>";
		};
/* End PBXVariantGroup section */

/* Begin XCBuildConfiguration section */
		5FE3DAA7206CF2DF006ED476 /* Debug */ = {
			isa = XCBuildConfiguration;
			buildSettings = {
				ALWAYS_SEARCH_USER_PATHS = NO;
				CLANG_ANALYZER_NONNULL = YES;
				CLANG_ANALYZER_NUMBER_OBJECT_CONVERSION = YES_AGGRESSIVE;
				CLANG_CXX_LANGUAGE_STANDARD = "gnu++14";
				CLANG_CXX_LIBRARY = "libc++";
				CLANG_ENABLE_MODULES = YES;
				CLANG_ENABLE_OBJC_ARC = YES;
				CLANG_WARN_BLOCK_CAPTURE_AUTORELEASING = YES;
				CLANG_WARN_BOOL_CONVERSION = YES;
				CLANG_WARN_COMMA = YES;
				CLANG_WARN_CONSTANT_CONVERSION = YES;
				CLANG_WARN_DIRECT_OBJC_ISA_USAGE = YES_ERROR;
				CLANG_WARN_DOCUMENTATION_COMMENTS = YES;
				CLANG_WARN_EMPTY_BODY = YES;
				CLANG_WARN_ENUM_CONVERSION = YES;
				CLANG_WARN_INFINITE_RECURSION = YES;
				CLANG_WARN_INT_CONVERSION = YES;
				CLANG_WARN_NON_LITERAL_NULL_CONVERSION = YES;
				CLANG_WARN_OBJC_LITERAL_CONVERSION = YES;
				CLANG_WARN_OBJC_ROOT_CLASS = YES_ERROR;
				CLANG_WARN_RANGE_LOOP_ANALYSIS = YES;
				CLANG_WARN_STRICT_PROTOTYPES = YES;
				CLANG_WARN_SUSPICIOUS_MOVE = YES;
				CLANG_WARN_UNGUARDED_AVAILABILITY = YES_AGGRESSIVE;
				CLANG_WARN_UNREACHABLE_CODE = YES;
				CLANG_WARN__DUPLICATE_METHOD_MATCH = YES;
				CODE_SIGN_IDENTITY = "iPhone Developer";
				COPY_PHASE_STRIP = NO;
				DEBUG_INFORMATION_FORMAT = dwarf;
				ENABLE_STRICT_OBJC_MSGSEND = YES;
				ENABLE_TESTABILITY = YES;
				GCC_C_LANGUAGE_STANDARD = gnu11;
				GCC_DYNAMIC_NO_PIC = NO;
				GCC_NO_COMMON_BLOCKS = YES;
				GCC_OPTIMIZATION_LEVEL = 0;
				GCC_PREPROCESSOR_DEFINITIONS = (
					"DEBUG=1",
					"$(inherited)",
				);
				GCC_WARN_64_TO_32_BIT_CONVERSION = YES;
				GCC_WARN_ABOUT_RETURN_TYPE = YES_ERROR;
				GCC_WARN_UNDECLARED_SELECTOR = YES;
				GCC_WARN_UNINITIALIZED_AUTOS = YES_AGGRESSIVE;
				GCC_WARN_UNUSED_FUNCTION = YES;
				GCC_WARN_UNUSED_VARIABLE = YES;
				IPHONEOS_DEPLOYMENT_TARGET = 11.2;
				MTL_ENABLE_DEBUG_INFO = YES;
				ONLY_ACTIVE_ARCH = YES;
				SDKROOT = iphoneos;
				SWIFT_ACTIVE_COMPILATION_CONDITIONS = DEBUG;
				SWIFT_OPTIMIZATION_LEVEL = "-Onone";
			};
			name = Debug;
		};
		5FE3DAA8206CF2DF006ED476 /* Release */ = {
			isa = XCBuildConfiguration;
			buildSettings = {
				ALWAYS_SEARCH_USER_PATHS = NO;
				CLANG_ANALYZER_NONNULL = YES;
				CLANG_ANALYZER_NUMBER_OBJECT_CONVERSION = YES_AGGRESSIVE;
				CLANG_CXX_LANGUAGE_STANDARD = "gnu++14";
				CLANG_CXX_LIBRARY = "libc++";
				CLANG_ENABLE_MODULES = YES;
				CLANG_ENABLE_OBJC_ARC = YES;
				CLANG_WARN_BLOCK_CAPTURE_AUTORELEASING = YES;
				CLANG_WARN_BOOL_CONVERSION = YES;
				CLANG_WARN_COMMA = YES;
				CLANG_WARN_CONSTANT_CONVERSION = YES;
				CLANG_WARN_DIRECT_OBJC_ISA_USAGE = YES_ERROR;
				CLANG_WARN_DOCUMENTATION_COMMENTS = YES;
				CLANG_WARN_EMPTY_BODY = YES;
				CLANG_WARN_ENUM_CONVERSION = YES;
				CLANG_WARN_INFINITE_RECURSION = YES;
				CLANG_WARN_INT_CONVERSION = YES;
				CLANG_WARN_NON_LITERAL_NULL_CONVERSION = YES;
				CLANG_WARN_OBJC_LITERAL_CONVERSION = YES;
				CLANG_WARN_OBJC_ROOT_CLASS = YES_ERROR;
				CLANG_WARN_RANGE_LOOP_ANALYSIS = YES;
				CLANG_WARN_STRICT_PROTOTYPES = YES;
				CLANG_WARN_SUSPICIOUS_MOVE = YES;
				CLANG_WARN_UNGUARDED_AVAILABILITY = YES_AGGRESSIVE;
				CLANG_WARN_UNREACHABLE_CODE = YES;
				CLANG_WARN__DUPLICATE_METHOD_MATCH = YES;
				CODE_SIGN_IDENTITY = "iPhone Developer";
				COPY_PHASE_STRIP = NO;
				DEBUG_INFORMATION_FORMAT = "dwarf-with-dsym";
				ENABLE_NS_ASSERTIONS = NO;
				ENABLE_STRICT_OBJC_MSGSEND = YES;
				GCC_C_LANGUAGE_STANDARD = gnu11;
				GCC_NO_COMMON_BLOCKS = YES;
				GCC_WARN_64_TO_32_BIT_CONVERSION = YES;
				GCC_WARN_ABOUT_RETURN_TYPE = YES_ERROR;
				GCC_WARN_UNDECLARED_SELECTOR = YES;
				GCC_WARN_UNINITIALIZED_AUTOS = YES_AGGRESSIVE;
				GCC_WARN_UNUSED_FUNCTION = YES;
				GCC_WARN_UNUSED_VARIABLE = YES;
				IPHONEOS_DEPLOYMENT_TARGET = 11.2;
				MTL_ENABLE_DEBUG_INFO = NO;
				SDKROOT = iphoneos;
				SWIFT_OPTIMIZATION_LEVEL = "-Owholemodule";
				VALIDATE_PRODUCT = YES;
			};
			name = Release;
		};
		5FE3DAAA206CF2DF006ED476 /* Debug */ = {
			isa = XCBuildConfiguration;
			baseConfigurationReference = 7AD1D505F3C47D5DBD0BC9D8 /* Pods-coreDataCacao1987.debug.xcconfig */;
			buildSettings = {
				ASSETCATALOG_COMPILER_APPICON_NAME = AppIcon;
				CODE_SIGN_ENTITLEMENTS = coreDataCacao1987/coreDataCacao1987.entitlements;
				CODE_SIGN_STYLE = Automatic;
				DEVELOPMENT_TEAM = 53B6J9ETU4;
				INFOPLIST_FILE = coreDataCacao1987/Info.plist;
				LD_RUNPATH_SEARCH_PATHS = "$(inherited) @executable_path/Frameworks";
				PRODUCT_BUNDLE_IDENTIFIER = rkr.coreDataCacao1987a;
				PRODUCT_NAME = "$(TARGET_NAME)";
				SWIFT_VERSION = 4.0;
				TARGETED_DEVICE_FAMILY = "1,2";
			};
			name = Debug;
		};
		5FE3DAAB206CF2DF006ED476 /* Release */ = {
			isa = XCBuildConfiguration;
			baseConfigurationReference = E8F36E5E4AF1D2000BB70409 /* Pods-coreDataCacao1987.release.xcconfig */;
			buildSettings = {
				ASSETCATALOG_COMPILER_APPICON_NAME = AppIcon;
				CODE_SIGN_ENTITLEMENTS = coreDataCacao1987/coreDataCacao1987.entitlements;
				CODE_SIGN_STYLE = Automatic;
				DEVELOPMENT_TEAM = 53B6J9ETU4;
				INFOPLIST_FILE = coreDataCacao1987/Info.plist;
				LD_RUNPATH_SEARCH_PATHS = "$(inherited) @executable_path/Frameworks";
				PRODUCT_BUNDLE_IDENTIFIER = rkr.coreDataCacao1987a;
				PRODUCT_NAME = "$(TARGET_NAME)";
				SWIFT_VERSION = 4.0;
				TARGETED_DEVICE_FAMILY = "1,2";
			};
			name = Release;
		};
/* End XCBuildConfiguration section */

/* Begin XCConfigurationList section */
		5FE3DA8F206CF2DF006ED476 /* Build configuration list for PBXProject "coreDataCacao1987" */ = {
			isa = XCConfigurationList;
			buildConfigurations = (
				5FE3DAA7206CF2DF006ED476 /* Debug */,
				5FE3DAA8206CF2DF006ED476 /* Release */,
			);
			defaultConfigurationIsVisible = 0;
			defaultConfigurationName = Release;
		};
		5FE3DAA9206CF2DF006ED476 /* Build configuration list for PBXNativeTarget "coreDataCacao1987" */ = {
			isa = XCConfigurationList;
			buildConfigurations = (
				5FE3DAAA206CF2DF006ED476 /* Debug */,
				5FE3DAAB206CF2DF006ED476 /* Release */,
			);
			defaultConfigurationIsVisible = 0;
			defaultConfigurationName = Release;
		};
/* End XCConfigurationList section */

/* Begin XCVersionGroup section */
		5FE3DA9E206CF2DF006ED476 /* coreDataCacao1987.xcdatamodeld */ = {
			isa = XCVersionGroup;
			children = (
				5FE3DA9F206CF2DF006ED476 /* coreDataCacao1987.xcdatamodel */,
			);
			currentVersion = 5FE3DA9F206CF2DF006ED476 /* coreDataCacao1987.xcdatamodel */;
			path = coreDataCacao1987.xcdatamodeld;
			sourceTree = "<group>";
			versionGroupType = wrapper.xcdatamodel;
		};
/* End XCVersionGroup section */
	};
	rootObject = 5FE3DA8C206CF2DF006ED476 /* Project object */;
}
